// !$*UTF8*$!
{
	archiveVersion = 1;
	classes = {
	};
	objectVersion = 55;
	objects = {

/* Begin PBXBuildFile section */
		D8EC924E273FB3DE00E73874 /* SwiftUICombineJsonApp.swift in Sources */ = {isa = PBXBuildFile; fileRef = D8EC924D273FB3DE00E73874 /* SwiftUICombineJsonApp.swift */; };
		D8EC9250273FB3DE00E73874 /* ContentView.swift in Sources */ = {isa = PBXBuildFile; fileRef = D8EC924F273FB3DE00E73874 /* ContentView.swift */; };
		D8EC9252273FB3E000E73874 /* Assets.xcassets in Resources */ = {isa = PBXBuildFile; fileRef = D8EC9251273FB3E000E73874 /* Assets.xcassets */; };
		D8EC9255273FB3E000E73874 /* Preview Assets.xcassets in Resources */ = {isa = PBXBuildFile; fileRef = D8EC9254273FB3E000E73874 /* Preview Assets.xcassets */; };
		D8EC925F273FB3E100E73874 /* SwiftUICombineJsonTests.swift in Sources */ = {isa = PBXBuildFile; fileRef = D8EC925E273FB3E100E73874 /* SwiftUICombineJsonTests.swift */; };
		D8EC9269273FB3E100E73874 /* SwiftUICombineJsonUITests.swift in Sources */ = {isa = PBXBuildFile; fileRef = D8EC9268273FB3E100E73874 /* SwiftUICombineJsonUITests.swift */; };
		D8EC926B273FB3E100E73874 /* SwiftUICombineJsonUITestsLaunchTests.swift in Sources */ = {isa = PBXBuildFile; fileRef = D8EC926A273FB3E100E73874 /* SwiftUICombineJsonUITestsLaunchTests.swift */; };
		D8EC927A273FB42700E73874 /* UserModel.swift in Sources */ = {isa = PBXBuildFile; fileRef = D8EC9277273FB42600E73874 /* UserModel.swift */; };
		D8EC927B273FB42700E73874 /* UserViewModel.swift in Sources */ = {isa = PBXBuildFile; fileRef = D8EC9278273FB42600E73874 /* UserViewModel.swift */; };
		D8EC927C273FB42700E73874 /* SwiftUIJsonParsingApp.swift in Sources */ = {isa = PBXBuildFile; fileRef = D8EC9279273FB42600E73874 /* SwiftUIJsonParsingApp.swift */; };
/* End PBXBuildFile section */

/* Begin PBXContainerItemProxy section */
		D8EC925B273FB3E100E73874 /* PBXContainerItemProxy */ = {
			isa = PBXContainerItemProxy;
			containerPortal = D8EC9242273FB3DE00E73874 /* Project object */;
			proxyType = 1;
			remoteGlobalIDString = D8EC9249273FB3DE00E73874;
			remoteInfo = SwiftUICombineJson;
		};
		D8EC9265273FB3E100E73874 /* PBXContainerItemProxy */ = {
			isa = PBXContainerItemProxy;
			containerPortal = D8EC9242273FB3DE00E73874 /* Project object */;
			proxyType = 1;
			remoteGlobalIDString = D8EC9249273FB3DE00E73874;
			remoteInfo = SwiftUICombineJson;
		};
/* End PBXContainerItemProxy section */

/* Begin PBXFileReference section */
		D8EC924A273FB3DE00E73874 /* SwiftUICombineJson.app */ = {isa = PBXFileReference; explicitFileType = wrapper.application; includeInIndex = 0; path = SwiftUICombineJson.app; sourceTree = BUILT_PRODUCTS_DIR; };
		D8EC924D273FB3DE00E73874 /* SwiftUICombineJsonApp.swift */ = {isa = PBXFileReference; lastKnownFileType = sourcecode.swift; path = SwiftUICombineJsonApp.swift; sourceTree = "<group>"; };
		D8EC924F273FB3DE00E73874 /* ContentView.swift */ = {isa = PBXFileReference; lastKnownFileType = sourcecode.swift; path = ContentView.swift; sourceTree = "<group>"; };
		D8EC9251273FB3E000E73874 /* Assets.xcassets */ = {isa = PBXFileReference; lastKnownFileType = folder.assetcatalog; path = Assets.xcassets; sourceTree = "<group>"; };
		D8EC9254273FB3E000E73874 /* Preview Assets.xcassets */ = {isa = PBXFileReference; lastKnownFileType = folder.assetcatalog; path = "Preview Assets.xcassets"; sourceTree = "<group>"; };
		D8EC925A273FB3E100E73874 /* SwiftUICombineJsonTests.xctest */ = {isa = PBXFileReference; explicitFileType = wrapper.cfbundle; includeInIndex = 0; path = SwiftUICombineJsonTests.xctest; sourceTree = BUILT_PRODUCTS_DIR; };
		D8EC925E273FB3E100E73874 /* SwiftUICombineJsonTests.swift */ = {isa = PBXFileReference; lastKnownFileType = sourcecode.swift; path = SwiftUICombineJsonTests.swift; sourceTree = "<group>"; };
		D8EC9264273FB3E100E73874 /* SwiftUICombineJsonUITests.xctest */ = {isa = PBXFileReference; explicitFileType = wrapper.cfbundle; includeInIndex = 0; path = SwiftUICombineJsonUITests.xctest; sourceTree = BUILT_PRODUCTS_DIR; };
		D8EC9268273FB3E100E73874 /* SwiftUICombineJsonUITests.swift */ = {isa = PBXFileReference; lastKnownFileType = sourcecode.swift; path = SwiftUICombineJsonUITests.swift; sourceTree = "<group>"; };
		D8EC926A273FB3E100E73874 /* SwiftUICombineJsonUITestsLaunchTests.swift */ = {isa = PBXFileReference; lastKnownFileType = sourcecode.swift; path = SwiftUICombineJsonUITestsLaunchTests.swift; sourceTree = "<group>"; };
		D8EC9277273FB42600E73874 /* UserModel.swift */ = {isa = PBXFileReference; fileEncoding = 4; lastKnownFileType = sourcecode.swift; path = UserModel.swift; sourceTree = "<group>"; };
		D8EC9278273FB42600E73874 /* UserViewModel.swift */ = {isa = PBXFileReference; fileEncoding = 4; lastKnownFileType = sourcecode.swift; path = UserViewModel.swift; sourceTree = "<group>"; };
		D8EC9279273FB42600E73874 /* SwiftUIJsonParsingApp.swift */ = {isa = PBXFileReference; fileEncoding = 4; lastKnownFileType = sourcecode.swift; path = SwiftUIJsonParsingApp.swift; sourceTree = "<group>"; };
/* End PBXFileReference section */

/* Begin PBXFrameworksBuildPhase section */
		D8EC9247273FB3DE00E73874 /* Frameworks */ = {
			isa = PBXFrameworksBuildPhase;
			buildActionMask = 2147483647;
			files = (
			);
			runOnlyForDeploymentPostprocessing = 0;
		};
		D8EC9257273FB3E100E73874 /* Frameworks */ = {
			isa = PBXFrameworksBuildPhase;
			buildActionMask = 2147483647;
			files = (
			);
			runOnlyForDeploymentPostprocessing = 0;
		};
		D8EC9261273FB3E100E73874 /* Frameworks */ = {
			isa = PBXFrameworksBuildPhase;
			buildActionMask = 2147483647;
			files = (
			);
			runOnlyForDeploymentPostprocessing = 0;
		};
/* End PBXFrameworksBuildPhase section */

/* Begin PBXGroup section */
		D8EC9241273FB3DE00E73874 = {
			isa = PBXGroup;
			children = (
				D8EC924C273FB3DE00E73874 /* SwiftUICombineJson */,
				D8EC925D273FB3E100E73874 /* SwiftUICombineJsonTests */,
				D8EC9267273FB3E100E73874 /* SwiftUICombineJsonUITests */,
				D8EC924B273FB3DE00E73874 /* Products */,
			);
			sourceTree = "<group>";
		};
		D8EC924B273FB3DE00E73874 /* Products */ = {
			isa = PBXGroup;
			children = (
				D8EC924A273FB3DE00E73874 /* SwiftUICombineJson.app */,
				D8EC925A273FB3E100E73874 /* SwiftUICombineJsonTests.xctest */,
				D8EC9264273FB3E100E73874 /* SwiftUICombineJsonUITests.xctest */,
			);
			name = Products;
			sourceTree = "<group>";
		};
		D8EC924C273FB3DE00E73874 /* SwiftUICombineJson */ = {
			isa = PBXGroup;
			children = (
				D8EC924D273FB3DE00E73874 /* SwiftUICombineJsonApp.swift */,
				D8EC9279273FB42600E73874 /* SwiftUIJsonParsingApp.swift */,
				D8EC9277273FB42600E73874 /* UserModel.swift */,
				D8EC9278273FB42600E73874 /* UserViewModel.swift */,
				D8EC924F273FB3DE00E73874 /* ContentView.swift */,
				D8EC9251273FB3E000E73874 /* Assets.xcassets */,
				D8EC9253273FB3E000E73874 /* Preview Content */,
			);
			path = SwiftUICombineJson;
			sourceTree = "<group>";
		};
		D8EC9253273FB3E000E73874 /* Preview Content */ = {
			isa = PBXGroup;
			children = (
				D8EC9254273FB3E000E73874 /* Preview Assets.xcassets */,
			);
			path = "Preview Content";
			sourceTree = "<group>";
		};
		D8EC925D273FB3E100E73874 /* SwiftUICombineJsonTests */ = {
			isa = PBXGroup;
			children = (
				D8EC925E273FB3E100E73874 /* SwiftUICombineJsonTests.swift */,
			);
			path = SwiftUICombineJsonTests;
			sourceTree = "<group>";
		};
		D8EC9267273FB3E100E73874 /* SwiftUICombineJsonUITests */ = {
			isa = PBXGroup;
			children = (
				D8EC9268273FB3E100E73874 /* SwiftUICombineJsonUITests.swift */,
				D8EC926A273FB3E100E73874 /* SwiftUICombineJsonUITestsLaunchTests.swift */,
			);
			path = SwiftUICombineJsonUITests;
			sourceTree = "<group>";
		};
/* End PBXGroup section */

/* Begin PBXNativeTarget section */
		D8EC9249273FB3DE00E73874 /* SwiftUICombineJson */ = {
			isa = PBXNativeTarget;
			buildConfigurationList = D8EC926E273FB3E100E73874 /* Build configuration list for PBXNativeTarget "SwiftUICombineJson" */;
			buildPhases = (
				D8EC9246273FB3DE00E73874 /* Sources */,
				D8EC9247273FB3DE00E73874 /* Frameworks */,
				D8EC9248273FB3DE00E73874 /* Resources */,
			);
			buildRules = (
			);
			dependencies = (
			);
			name = SwiftUICombineJson;
			productName = SwiftUICombineJson;
			productReference = D8EC924A273FB3DE00E73874 /* SwiftUICombineJson.app */;
			productType = "com.apple.product-type.application";
		};
		D8EC9259273FB3E100E73874 /* SwiftUICombineJsonTests */ = {
			isa = PBXNativeTarget;
			buildConfigurationList = D8EC9271273FB3E100E73874 /* Build configuration list for PBXNativeTarget "SwiftUICombineJsonTests" */;
			buildPhases = (
				D8EC9256273FB3E100E73874 /* Sources */,
				D8EC9257273FB3E100E73874 /* Frameworks */,
				D8EC9258273FB3E100E73874 /* Resources */,
			);
			buildRules = (
			);
			dependencies = (
				D8EC925C273FB3E100E73874 /* PBXTargetDependency */,
			);
			name = SwiftUICombineJsonTests;
			productName = SwiftUICombineJsonTests;
			productReference = D8EC925A273FB3E100E73874 /* SwiftUICombineJsonTests.xctest */;
			productType = "com.apple.product-type.bundle.unit-test";
		};
		D8EC9263273FB3E100E73874 /* SwiftUICombineJsonUITests */ = {
			isa = PBXNativeTarget;
			buildConfigurationList = D8EC9274273FB3E100E73874 /* Build configuration list for PBXNativeTarget "SwiftUICombineJsonUITests" */;
			buildPhases = (
				D8EC9260273FB3E100E73874 /* Sources */,
				D8EC9261273FB3E100E73874 /* Frameworks */,
				D8EC9262273FB3E100E73874 /* Resources */,
			);
			buildRules = (
			);
			dependencies = (
				D8EC9266273FB3E100E73874 /* PBXTargetDependency */,
			);
			name = SwiftUICombineJsonUITests;
			productName = SwiftUICombineJsonUITests;
			productReference = D8EC9264273FB3E100E73874 /* SwiftUICombineJsonUITests.xctest */;
			productType = "com.apple.product-type.bundle.ui-testing";
		};
/* End PBXNativeTarget section */

/* Begin PBXProject section */
		D8EC9242273FB3DE00E73874 /* Project object */ = {
			isa = PBXProject;
			attributes = {
				BuildIndependentTargetsInParallel = 1;
				LastSwiftUpdateCheck = 1310;
				LastUpgradeCheck = 1310;
				TargetAttributes = {
					D8EC9249273FB3DE00E73874 = {
						CreatedOnToolsVersion = 13.1;
					};
					D8EC9259273FB3E100E73874 = {
						CreatedOnToolsVersion = 13.1;
						TestTargetID = D8EC9249273FB3DE00E73874;
					};
					D8EC9263273FB3E100E73874 = {
						CreatedOnToolsVersion = 13.1;
						TestTargetID = D8EC9249273FB3DE00E73874;
					};
				};
			};
			buildConfigurationList = D8EC9245273FB3DE00E73874 /* Build configuration list for PBXProject "SwiftUICombineJson" */;
			compatibilityVersion = "Xcode 13.0";
			developmentRegion = en;
			hasScannedForEncodings = 0;
			knownRegions = (
				en,
				Base,
			);
			mainGroup = D8EC9241273FB3DE00E73874;
			productRefGroup = D8EC924B273FB3DE00E73874 /* Products */;
			projectDirPath = "";
			projectRoot = "";
			targets = (
				D8EC9249273FB3DE00E73874 /* SwiftUICombineJson */,
				D8EC9259273FB3E100E73874 /* SwiftUICombineJsonTests */,
				D8EC9263273FB3E100E73874 /* SwiftUICombineJsonUITests */,
			);
		};
/* End PBXProject section */

/* Begin PBXResourcesBuildPhase section */
		D8EC9248273FB3DE00E73874 /* Resources */ = {
			isa = PBXResourcesBuildPhase;
			buildActionMask = 2147483647;
			files = (
				D8EC9255273FB3E000E73874 /* Preview Assets.xcassets in Resources */,
				D8EC9252273FB3E000E73874 /* Assets.xcassets in Resources */,
			);
			runOnlyForDeploymentPostprocessing = 0;
		};
		D8EC9258273FB3E100E73874 /* Resources */ = {
			isa = PBXResourcesBuildPhase;
			buildActionMask = 2147483647;
			files = (
			);
			runOnlyForDeploymentPostprocessing = 0;
		};
		D8EC9262273FB3E100E73874 /* Resources */ = {
			isa = PBXResourcesBuildPhase;
			buildActionMask = 2147483647;
			files = (
			);
			runOnlyForDeploymentPostprocessing = 0;
		};
/* End PBXResourcesBuildPhase section */

/* Begin PBXSourcesBuildPhase section */
		D8EC9246273FB3DE00E73874 /* Sources */ = {
			isa = PBXSourcesBuildPhase;
			buildActionMask = 2147483647;
			files = (
				D8EC9250273FB3DE00E73874 /* ContentView.swift in Sources */,
				D8EC927B273FB42700E73874 /* UserViewModel.swift in Sources */,
				D8EC927A273FB42700E73874 /* UserModel.swift in Sources */,
				D8EC927C273FB42700E73874 /* SwiftUIJsonParsingApp.swift in Sources */,
				D8EC924E273FB3DE00E73874 /* SwiftUICombineJsonApp.swift in Sources */,
			);
			runOnlyForDeploymentPostprocessing = 0;
		};
		D8EC9256273FB3E100E73874 /* Sources */ = {
			isa = PBXSourcesBuildPhase;
			buildActionMask = 2147483647;
			files = (
				D8EC925F273FB3E100E73874 /* SwiftUICombineJsonTests.swift in Sources */,
			);
			runOnlyForDeploymentPostprocessing = 0;
		};
		D8EC9260273FB3E100E73874 /* Sources */ = {
			isa = PBXSourcesBuildPhase;
			buildActionMask = 2147483647;
			files = (
				D8EC926B273FB3E100E73874 /* SwiftUICombineJsonUITestsLaunchTests.swift in Sources */,
				D8EC9269273FB3E100E73874 /* SwiftUICombineJsonUITests.swift in Sources */,
			);
			runOnlyForDeploymentPostprocessing = 0;
		};
/* End PBXSourcesBuildPhase section */

/* Begin PBXTargetDependency section */
		D8EC925C273FB3E100E73874 /* PBXTargetDependency */ = {
			isa = PBXTargetDependency;
			target = D8EC9249273FB3DE00E73874 /* SwiftUICombineJson */;
			targetProxy = D8EC925B273FB3E100E73874 /* PBXContainerItemProxy */;
		};
		D8EC9266273FB3E100E73874 /* PBXTargetDependency */ = {
			isa = PBXTargetDependency;
			target = D8EC9249273FB3DE00E73874 /* SwiftUICombineJson */;
			targetProxy = D8EC9265273FB3E100E73874 /* PBXContainerItemProxy */;
		};
/* End PBXTargetDependency section */

/* Begin XCBuildConfiguration section */
		D8EC926C273FB3E100E73874 /* Debug */ = {
			isa = XCBuildConfiguration;
			buildSettings = {
				ALWAYS_SEARCH_USER_PATHS = NO;
				CLANG_ANALYZER_NONNULL = YES;
				CLANG_ANALYZER_NUMBER_OBJECT_CONVERSION = YES_AGGRESSIVE;
				CLANG_CXX_LANGUAGE_STANDARD = "gnu++17";
				CLANG_CXX_LIBRARY = "libc++";
				CLANG_ENABLE_MODULES = YES;
				CLANG_ENABLE_OBJC_ARC = YES;
				CLANG_ENABLE_OBJC_WEAK = YES;
				CLANG_WARN_BLOCK_CAPTURE_AUTORELEASING = YES;
				CLANG_WARN_BOOL_CONVERSION = YES;
				CLANG_WARN_COMMA = YES;
				CLANG_WARN_CONSTANT_CONVERSION = YES;
				CLANG_WARN_DEPRECATED_OBJC_IMPLEMENTATIONS = YES;
				CLANG_WARN_DIRECT_OBJC_ISA_USAGE = YES_ERROR;
				CLANG_WARN_DOCUMENTATION_COMMENTS = YES;
				CLANG_WARN_EMPTY_BODY = YES;
				CLANG_WARN_ENUM_CONVERSION = YES;
				CLANG_WARN_INFINITE_RECURSION = YES;
				CLANG_WARN_INT_CONVERSION = YES;
				CLANG_WARN_NON_LITERAL_NULL_CONVERSION = YES;
				CLANG_WARN_OBJC_IMPLICIT_RETAIN_SELF = YES;
				CLANG_WARN_OBJC_LITERAL_CONVERSION = YES;
				CLANG_WARN_OBJC_ROOT_CLASS = YES_ERROR;
				CLANG_WARN_QUOTED_INCLUDE_IN_FRAMEWORK_HEADER = YES;
				CLANG_WARN_RANGE_LOOP_ANALYSIS = YES;
				CLANG_WARN_STRICT_PROTOTYPES = YES;
				CLANG_WARN_SUSPICIOUS_MOVE = YES;
				CLANG_WARN_UNGUARDED_AVAILABILITY = YES_AGGRESSIVE;
				CLANG_WARN_UNREACHABLE_CODE = YES;
				CLANG_WARN__DUPLICATE_METHOD_MATCH = YES;
				COPY_PHASE_STRIP = NO;
				DEBUG_INFORMATION_FORMAT = dwarf;
				ENABLE_STRICT_OBJC_MSGSEND = YES;
				ENABLE_TESTABILITY = YES;
				GCC_C_LANGUAGE_STANDARD = gnu11;
				GCC_DYNAMIC_NO_PIC = NO;
				GCC_NO_COMMON_BLOCKS = YES;
				GCC_OPTIMIZATION_LEVEL = 0;
				GCC_PREPROCESSOR_DEFINITIONS = (
					"DEBUG=1",
					"$(inherited)",
				);
				GCC_WARN_64_TO_32_BIT_CONVERSION = YES;
				GCC_WARN_ABOUT_RETURN_TYPE = YES_ERROR;
				GCC_WARN_UNDECLARED_SELECTOR = YES;
				GCC_WARN_UNINITIALIZED_AUTOS = YES_AGGRESSIVE;
				GCC_WARN_UNUSED_FUNCTION = YES;
				GCC_WARN_UNUSED_VARIABLE = YES;
				IPHONEOS_DEPLOYMENT_TARGET = 15.0;
				MTL_ENABLE_DEBUG_INFO = INCLUDE_SOURCE;
				MTL_FAST_MATH = YES;
				ONLY_ACTIVE_ARCH = YES;
				SDKROOT = iphoneos;
				SWIFT_ACTIVE_COMPILATION_CONDITIONS = DEBUG;
				SWIFT_OPTIMIZATION_LEVEL = "-Onone";
			};
			name = Debug;
		};
		D8EC926D273FB3E100E73874 /* Release */ = {
			isa = XCBuildConfiguration;
			buildSettings = {
				ALWAYS_SEARCH_USER_PATHS = NO;
				CLANG_ANALYZER_NONNULL = YES;
				CLANG_ANALYZER_NUMBER_OBJECT_CONVERSION = YES_AGGRESSIVE;
				CLANG_CXX_LANGUAGE_STANDARD = "gnu++17";
				CLANG_CXX_LIBRARY = "libc++";
				CLANG_ENABLE_MODULES = YES;
				CLANG_ENABLE_OBJC_ARC = YES;
				CLANG_ENABLE_OBJC_WEAK = YES;
				CLANG_WARN_BLOCK_CAPTURE_AUTORELEASING = YES;
				CLANG_WARN_BOOL_CONVERSION = YES;
				CLANG_WARN_COMMA = YES;
				CLANG_WARN_CONSTANT_CONVERSION = YES;
				CLANG_WARN_DEPRECATED_OBJC_IMPLEMENTATIONS = YES;
				CLANG_WARN_DIRECT_OBJC_ISA_USAGE = YES_ERROR;
				CLANG_WARN_DOCUMENTATION_COMMENTS = YES;
				CLANG_WARN_EMPTY_BODY = YES;
				CLANG_WARN_ENUM_CONVERSION = YES;
				CLANG_WARN_INFINITE_RECURSION = YES;
				CLANG_WARN_INT_CONVERSION = YES;
				CLANG_WARN_NON_LITERAL_NULL_CONVERSION = YES;
				CLANG_WARN_OBJC_IMPLICIT_RETAIN_SELF = YES;
				CLANG_WARN_OBJC_LITERAL_CONVERSION = YES;
				CLANG_WARN_OBJC_ROOT_CLASS = YES_ERROR;
				CLANG_WARN_QUOTED_INCLUDE_IN_FRAMEWORK_HEADER = YES;
				CLANG_WARN_RANGE_LOOP_ANALYSIS = YES;
				CLANG_WARN_STRICT_PROTOTYPES = YES;
				CLANG_WARN_SUSPICIOUS_MOVE = YES;
				CLANG_WARN_UNGUARDED_AVAILABILITY = YES_AGGRESSIVE;
				CLANG_WARN_UNREACHABLE_CODE = YES;
				CLANG_WARN__DUPLICATE_METHOD_MATCH = YES;
				COPY_PHASE_STRIP = NO;
				DEBUG_INFORMATION_FORMAT = "dwarf-with-dsym";
				ENABLE_NS_ASSERTIONS = NO;
				ENABLE_STRICT_OBJC_MSGSEND = YES;
				GCC_C_LANGUAGE_STANDARD = gnu11;
				GCC_NO_COMMON_BLOCKS = YES;
				GCC_WARN_64_TO_32_BIT_CONVERSION = YES;
				GCC_WARN_ABOUT_RETURN_TYPE = YES_ERROR;
				GCC_WARN_UNDECLARED_SELECTOR = YES;
				GCC_WARN_UNINITIALIZED_AUTOS = YES_AGGRESSIVE;
				GCC_WARN_UNUSED_FUNCTION = YES;
				GCC_WARN_UNUSED_VARIABLE = YES;
				IPHONEOS_DEPLOYMENT_TARGET = 15.0;
				MTL_ENABLE_DEBUG_INFO = NO;
				MTL_FAST_MATH = YES;
				SDKROOT = iphoneos;
				SWIFT_COMPILATION_MODE = wholemodule;
				SWIFT_OPTIMIZATION_LEVEL = "-O";
				VALIDATE_PRODUCT = YES;
			};
			name = Release;
		};
		D8EC926F273FB3E100E73874 /* Debug */ = {
			isa = XCBuildConfiguration;
			buildSettings = {
				ASSETCATALOG_COMPILER_APPICON_NAME = AppIcon;
				ASSETCATALOG_COMPILER_GLOBAL_ACCENT_COLOR_NAME = AccentColor;
				CODE_SIGN_STYLE = Automatic;
				CURRENT_PROJECT_VERSION = 1;
				DEVELOPMENT_ASSET_PATHS = "\"SwiftUICombineJson/Preview Content\"";
				ENABLE_PREVIEWS = YES;
				GENERATE_INFOPLIST_FILE = YES;
				INFOPLIST_KEY_UIApplicationSceneManifest_Generation = YES;
				INFOPLIST_KEY_UIApplicationSupportsIndirectInputEvents = YES;
				INFOPLIST_KEY_UILaunchScreen_Generation = YES;
				INFOPLIST_KEY_UISupportedInterfaceOrientations_iPad = "UIInterfaceOrientationPortrait UIInterfaceOrientationPortraitUpsideDown UIInterfaceOrientationLandscapeLeft UIInterfaceOrientationLandscapeRight";
				INFOPLIST_KEY_UISupportedInterfaceOrientations_iPhone = "UIInterfaceOrientationPortrait UIInterfaceOrientationLandscapeLeft UIInterfaceOrientationLandscapeRight";
				LD_RUNPATH_SEARCH_PATHS = (
					"$(inherited)",
					"@executable_path/Frameworks",
				);
				MARKETING_VERSION = 1.0;
				PRODUCT_BUNDLE_IDENTIFIER = com.yug.SwiftUICombineJson;
				PRODUCT_NAME = "$(TARGET_NAME)";
				SWIFT_EMIT_LOC_STRINGS = YES;
				SWIFT_VERSION = 5.0;
				TARGETED_DEVICE_FAMILY = "1,2";
			};
			name = Debug;
		};
		D8EC9270273FB3E100E73874 /* Release */ = {
			isa = XCBuildConfiguration;
			buildSettings = {
				ASSETCATALOG_COMPILER_APPICON_NAME = AppIcon;
				ASSETCATALOG_COMPILER_GLOBAL_ACCENT_COLOR_NAME = AccentColor;
				CODE_SIGN_STYLE = Automatic;
				CURRENT_PROJECT_VERSION = 1;
				DEVELOPMENT_ASSET_PATHS = "\"SwiftUICombineJson/Preview Content\"";
				ENABLE_PREVIEWS = YES;
				GENERATE_INFOPLIST_FILE = YES;
				INFOPLIST_KEY_UIApplicationSceneManifest_Generation = YES;
				INFOPLIST_KEY_UIApplicationSupportsIndirectInputEvents = YES;
				INFOPLIST_KEY_UILaunchScreen_Generation = YES;
				INFOPLIST_KEY_UISupportedInterfaceOrientations_iPad = "UIInterfaceOrientationPortrait UIInterfaceOrientationPortraitUpsideDown UIInterfaceOrientationLandscapeLeft UIInterfaceOrientationLandscapeRight";
				INFOPLIST_KEY_UISupportedInterfaceOrientations_iPhone = "UIInterfaceOrientationPortrait UIInterfaceOrientationLandscapeLeft UIInterfaceOrientationLandscapeRight";
				LD_RUNPATH_SEARCH_PATHS = (
					"$(inherited)",
					"@executable_path/Frameworks",
				);
				MARKETING_VERSION = 1.0;
				PRODUCT_BUNDLE_IDENTIFIER = com.yug.SwiftUICombineJson;
				PRODUCT_NAME = "$(TARGET_NAME)";
				SWIFT_EMIT_LOC_STRINGS = YES;
				SWIFT_VERSION = 5.0;
				TARGETED_DEVICE_FAMILY = "1,2";
			};
			name = Release;
		};
		D8EC9272273FB3E100E73874 /* Debug */ = {
			isa = XCBuildConfiguration;
			buildSettings = {
				ALWAYS_EMBED_SWIFT_STANDARD_LIBRARIES = YES;
				BUNDLE_LOADER = "$(TEST_HOST)";
				CODE_SIGN_STYLE = Automatic;
				CURRENT_PROJECT_VERSION = 1;
				GENERATE_INFOPLIST_FILE = YES;
				IPHONEOS_DEPLOYMENT_TARGET = 15.0;
				LD_RUNPATH_SEARCH_PATHS = (
					"$(inherited)",
					"@executable_path/Frameworks",
					"@loader_path/Frameworks",
				);
				MARKETING_VERSION = 1.0;
				PRODUCT_BUNDLE_IDENTIFIER = com.yug.SwiftUICombineJsonTests;
				PRODUCT_NAME = "$(TARGET_NAME)";
				SWIFT_EMIT_LOC_STRINGS = NO;
				SWIFT_VERSION = 5.0;
				TARGETED_DEVICE_FAMILY = "1,2";
				TEST_HOST = "$(BUILT_PRODUCTS_DIR)/SwiftUICombineJson.app/SwiftUICombineJson";
			};
			name = Debug;
		};
		D8EC9273273FB3E100E73874 /* Release */ = {
			isa = XCBuildConfiguration;
			buildSettings = {
				ALWAYS_EMBED_SWIFT_STANDARD_LIBRARIES = YES;
				BUNDLE_LOADER = "$(TEST_HOST)";
				CODE_SIGN_STYLE = Automatic;
				CURRENT_PROJECT_VERSION = 1;
				GENERATE_INFOPLIST_FILE = YES;
				IPHONEOS_DEPLOYMENT_TARGET = 15.0;
				LD_RUNPATH_SEARCH_PATHS = (
					"$(inherited)",
					"@executable_path/Frameworks",
					"@loader_path/Frameworks",
				);
				MARKETING_VERSION = 1.0;
				PRODUCT_BUNDLE_IDENTIFIER = com.yug.SwiftUICombineJsonTests;
				PRODUCT_NAME = "$(TARGET_NAME)";
				SWIFT_EMIT_LOC_STRINGS = NO;
				SWIFT_VERSION = 5.0;
				TARGETED_DEVICE_FAMILY = "1,2";
				TEST_HOST = "$(BUILT_PRODUCTS_DIR)/SwiftUICombineJson.app/SwiftUICombineJson";
			};
			name = Release;
		};
		D8EC9275273FB3E100E73874 /* Debug */ = {
			isa = XCBuildConfiguration;
			buildSettings = {
				ALWAYS_EMBED_SWIFT_STANDARD_LIBRARIES = YES;
				CODE_SIGN_STYLE = Automatic;
				CURRENT_PROJECT_VERSION = 1;
				GENERATE_INFOPLIST_FILE = YES;
				LD_RUNPATH_SEARCH_PATHS = (
					"$(inherited)",
					"@executable_path/Frameworks",
					"@loader_path/Frameworks",
				);
				MARKETING_VERSION = 1.0;
				PRODUCT_BUNDLE_IDENTIFIER = com.yug.SwiftUICombineJsonUITests;
				PRODUCT_NAME = "$(TARGET_NAME)";
				SWIFT_EMIT_LOC_STRINGS = NO;
				SWIFT_VERSION = 5.0;
				TARGETED_DEVICE_FAMILY = "1,2";
				TEST_TARGET_NAME = SwiftUICombineJson;
			};
			name = Debug;
		};
		D8EC9276273FB3E100E73874 /* Release */ = {
			isa = XCBuildConfiguration;
			buildSettings = {
				ALWAYS_EMBED_SWIFT_STANDARD_LIBRARIES = YES;
				CODE_SIGN_STYLE = Automatic;
				CURRENT_PROJECT_VERSION = 1;
				GENERATE_INFOPLIST_FILE = YES;
				LD_RUNPATH_SEARCH_PATHS = (
					"$(inherited)",
					"@executable_path/Frameworks",
					"@loader_path/Frameworks",
				);
				MARKETING_VERSION = 1.0;
				PRODUCT_BUNDLE_IDENTIFIER = com.yug.SwiftUICombineJsonUITests;
				PRODUCT_NAME = "$(TARGET_NAME)";
				SWIFT_EMIT_LOC_STRINGS = NO;
				SWIFT_VERSION = 5.0;
				TARGETED_DEVICE_FAMILY = "1,2";
				TEST_TARGET_NAME = SwiftUICombineJson;
			};
			name = Release;
		};
/* End XCBuildConfiguration section */

/* Begin XCConfigurationList section */
		D8EC9245273FB3DE00E73874 /* Build configuration list for PBXProject "SwiftUICombineJson" */ = {
			isa = XCConfigurationList;
			buildConfigurations = (
				D8EC926C273FB3E100E73874 /* Debug */,
				D8EC926D273FB3E100E73874 /* Release */,
			);
			defaultConfigurationIsVisible = 0;
			defaultConfigurationName = Release;
		};
		D8EC926E273FB3E100E73874 /* Build configuration list for PBXNativeTarget "SwiftUICombineJson" */ = {
			isa = XCConfigurationList;
			buildConfigurations = (
				D8EC926F273FB3E100E73874 /* Debug */,
				D8EC9270273FB3E100E73874 /* Release */,
			);
			defaultConfigurationIsVisible = 0;
			defaultConfigurationName = Release;
		};
		D8EC9271273FB3E100E73874 /* Build configuration list for PBXNativeTarget "SwiftUICombineJsonTests" */ = {
			isa = XCConfigurationList;
			buildConfigurations = (
				D8EC9272273FB3E100E73874 /* Debug */,
				D8EC9273273FB3E100E73874 /* Release */,
			);
			defaultConfigurationIsVisible = 0;
			defaultConfigurationName = Release;
		};
		D8EC9274273FB3E100E73874 /* Build configuration list for PBXNativeTarget "SwiftUICombineJsonUITests" */ = {
			isa = XCConfigurationList;
			buildConfigurations = (
				D8EC9275273FB3E100E73874 /* Debug */,
				D8EC9276273FB3E100E73874 /* Release */,
			);
			defaultConfigurationIsVisible = 0;
			defaultConfigurationName = Release;
		};
/* End XCConfigurationList section */
	};
	rootObject = D8EC9242273FB3DE00E73874 /* Project object */;
}
